{
    "_meta": {
        "hash": {
            "sha256": "3be60a8c9df0b0fd99687814f4bd49bdc439df57808a495b89de617f69cb5dd5"
        },
        "requires": {},
        "sources": [
            {
                "url": "https://pypi.python.org/simple",
                "verify_ssl": true
            }
        ]
    },
    "default": {
        "attrs": {
            "version": "==17.2.0"
        },
        "click": {
            "version": "==6.7"
        },
        "dominate": {
            "version": "==2.3.1"
        },
        "flask": {
            "version": "==0.12.2"
        },
        "flask-bootstrap": {
            "version": "==3.3.7.1"
        },
        "flask-nav": {
            "version": "==0.6"
        },
        "flask-wtf": {
            "version": "==0.14.2"
        },
        "itsdangerous": {
            "version": "==0.24"
        },
        "jinja2": {
            "version": "==2.9.6"
        },
        "markupsafe": {
            "version": "==1.0"
        },
        "pycortex": {
            "git": "https://github.com/winni2k/pycortex.git",
            "ref": "0.0.3"
        },
        "visitor": {
            "version": "==0.1.3"
        },
        "werkzeug": {
            "version": "==0.12.2"
        },
        "wtforms": {
            "version": "==2.1"
        }
    },
    "develop": {}
}
